
Microsoft Visual Studio Solution File, Format Version 12.00
# Visual Studio Version 17
VisualStudioVersion = 17.0.31903.59
MinimumVisualStudioVersion = 10.0.40219.1
Project("{9A19103F-16F7-4668-BE54-9A1E7A4F7556}") = "Custom.Server", "Custom.Server\Custom.Server.csproj", "{49F304C7-19AB-412D-A759-ADB184BB718E}"
EndProject
Project("{9A19103F-16F7-4668-BE54-9A1E7A4F7556}") = "Chaldea.Fate.RhoAias", "..\..\src\Chaldea.Fate.RhoAias\Chaldea.Fate.RhoAias.csproj", "{A10693E6-B06E-4544-959A-C8620B90DF22}"
EndProject
Project("{FAE04EC0-301F-11D3-BF4B-00C04F79EFBC}") = "Custom.Client", "Custom.Client\Custom.Client.csproj", "{5207C4B8-13F7-4E02-BCC0-AFC11B3E4A70}"
EndProject
Project("{9A19103F-16F7-4668-BE54-9A1E7A4F7556}") = "Chaldea.Fate.RhoAias.Authentication.JwtBearer", "..\..\src\Chaldea.Fate.RhoAias.Authentication.JwtBearer\Chaldea.Fate.RhoAias.Authentication.JwtBearer.csproj", "{818891F6-EAAC-4B7A-9C4A-82B46987DC5E}"
EndProject
Global
	GlobalSection(SolutionConfigurationPlatforms) = preSolution
		Debug|Any CPU = Debug|Any CPU
		Release|Any CPU = Release|Any CPU
	EndGlobalSection
	GlobalSection(ProjectConfigurationPlatforms) = postSolution
		{49F304C7-19AB-412D-A759-ADB184BB718E}.Debug|Any CPU.ActiveCfg = Debug|Any CPU
		{49F304C7-19AB-412D-A759-ADB184BB718E}.Debug|Any CPU.Build.0 = Debug|Any CPU
		{49F304C7-19AB-412D-A759-ADB184BB718E}.Release|Any CPU.ActiveCfg = Release|Any CPU
		{49F304C7-19AB-412D-A759-ADB184BB718E}.Release|Any CPU.Build.0 = Release|Any CPU
		{A10693E6-B06E-4544-959A-C8620B90DF22}.Debug|Any CPU.ActiveCfg = Debug|Any CPU
		{A10693E6-B06E-4544-959A-C8620B90DF22}.Debug|Any CPU.Build.0 = Debug|Any CPU
		{A10693E6-B06E-4544-959A-C8620B90DF22}.Release|Any CPU.ActiveCfg = Release|Any CPU
		{A10693E6-B06E-4544-959A-C8620B90DF22}.Release|Any CPU.Build.0 = Release|Any CPU
		{5207C4B8-13F7-4E02-BCC0-AFC11B3E4A70}.Debug|Any CPU.ActiveCfg = Debug|Any CPU
		{5207C4B8-13F7-4E02-BCC0-AFC11B3E4A70}.Debug|Any CPU.Build.0 = Debug|Any CPU
		{5207C4B8-13F7-4E02-BCC0-AFC11B3E4A70}.Release|Any CPU.ActiveCfg = Release|Any CPU
		{5207C4B8-13F7-4E02-BCC0-AFC11B3E4A70}.Release|Any CPU.Build.0 = Release|Any CPU
		{818891F6-EAAC-4B7A-9C4A-82B46987DC5E}.Debug|Any CPU.ActiveCfg = Debug|Any CPU
		{818891F6-EAAC-4B7A-9C4A-82B46987DC5E}.Debug|Any CPU.Build.0 = Debug|Any CPU
		{818891F6-EAAC-4B7A-9C4A-82B46987DC5E}.Release|Any CPU.ActiveCfg = Release|Any CPU
		{818891F6-EAAC-4B7A-9C4A-82B46987DC5E}.Release|Any CPU.Build.0 = Release|Any CPU
	EndGlobalSection
	GlobalSection(SolutionProperties) = preSolution
		HideSolutionNode = FALSE
	EndGlobalSection
	GlobalSection(ExtensibilityGlobals) = postSolution
		SolutionGuid = {95DF65F5-A921-4A7F-B7E6-3C9348298FB0}
	EndGlobalSection
EndGlobal
