
Microsoft Visual Studio Solution File, Format Version 12.00
# Visual Studio Version 17
VisualStudioVersion = 17.0.31903.59
MinimumVisualStudioVersion = 10.0.40219.1
Project("{9A19103F-16F7-4668-BE54-9A1E7A4F7556}") = "Simple.Server", "Simple.Server\Simple.Server.csproj", "{49F304C7-19AB-412D-A759-ADB184BB718E}"
EndProject
Project("{9A19103F-16F7-4668-BE54-9A1E7A4F7556}") = "Simple.Client", "Simple.Client\Simple.Client.csproj", "{5207C4B8-13F7-4E02-BCC0-AFC11B3E4A70}"
EndProject
Global
	GlobalSection(SolutionConfigurationPlatforms) = preSolution
		Debug|Any CPU = Debug|Any CPU
		Release|Any CPU = Release|Any CPU
	EndGlobalSection
	GlobalSection(ProjectConfigurationPlatforms) = postSolution
		{49F304C7-19AB-412D-A759-ADB184BB718E}.Debug|Any CPU.ActiveCfg = Debug|Any CPU
		{49F304C7-19AB-412D-A759-ADB184BB718E}.Debug|Any CPU.Build.0 = Debug|Any CPU
		{49F304C7-19AB-412D-A759-ADB184BB718E}.Release|Any CPU.ActiveCfg = Release|Any CPU
		{49F304C7-19AB-412D-A759-ADB184BB718E}.Release|Any CPU.Build.0 = Release|Any CPU
		{5207C4B8-13F7-4E02-BCC0-AFC11B3E4A70}.Debug|Any CPU.ActiveCfg = Debug|Any CPU
		{5207C4B8-13F7-4E02-BCC0-AFC11B3E4A70}.Debug|Any CPU.Build.0 = Debug|Any CPU
		{5207C4B8-13F7-4E02-BCC0-AFC11B3E4A70}.Release|Any CPU.ActiveCfg = Release|Any CPU
		{5207C4B8-13F7-4E02-BCC0-AFC11B3E4A70}.Release|Any CPU.Build.0 = Release|Any CPU
	EndGlobalSection
	GlobalSection(SolutionProperties) = preSolution
		HideSolutionNode = FALSE
	EndGlobalSection
	GlobalSection(ExtensibilityGlobals) = postSolution
		SolutionGuid = {95DF65F5-A921-4A7F-B7E6-3C9348298FB0}
	EndGlobalSection
EndGlobal
